// !$*UTF8*$!
{
	archiveVersion = 1;
	classes = {
	};
	objectVersion = 51;
	objects = {

/* Begin PBXBuildFile section */
		103A9379E768BF1DE73876DB /* libPods-wowgen61.a in Frameworks */ = {isa = PBXBuildFile; fileRef = AB4CE62E88B26EED6400C55B /* libPods-wowgen61.a */; };
		134E4DD8267F2C97723448EF /* LaunchScreen.xib in Resources */ = {isa = PBXBuildFile; fileRef = E09AD9754321DB572EBC573C /* LaunchScreen.xib */; };
		2C1A8C30D61862BFAA9392F2 /* Images.xcassets in Resources */ = {isa = PBXBuildFile; fileRef = E8807A37FAC46AEAC51D6CBB /* Images.xcassets */; };
		30AF45119BA4E75FFC7947FE /* libPods-wowgen61-tvOS.a in Frameworks */ = {isa = PBXBuildFile; fileRef = AE69DE3F14792EF7D5E86503 /* libPods-wowgen61-tvOS.a */; };
		46ACAF45364FBF8B85F69FC8 /* wowgen61Tests.m in Sources */ = {isa = PBXBuildFile; fileRef = AD954D727C715C79EFFD4AC7 /* wowgen61Tests.m */; };
		65A73C538C8241C64E8A86EA /* Images.xcassets in Resources */ = {isa = PBXBuildFile; fileRef = E8807A37FAC46AEAC51D6CBB /* Images.xcassets */; };
		6A936898F73431B38619A41E /* libPods-wowgen61-tvOSTests.a in Frameworks */ = {isa = PBXBuildFile; fileRef = E1AF1A3DB4CF9C0EF2602C50 /* libPods-wowgen61-tvOSTests.a */; };
		726428AF17C658A352A5435F /* AppDelegate.m in Sources */ = {isa = PBXBuildFile; fileRef = 98D03CD6E539275C438105C9 /* AppDelegate.m */; };
		782BBA74F053CB4E6819A555 /* libPods-wowgen61Tests.a in Frameworks */ = {isa = PBXBuildFile; fileRef = 31119B8BEEAE559ADBBBDE4C /* libPods-wowgen61Tests.a */; };
		888C240140931522CDC970A5 /* AppDelegate.m in Sources */ = {isa = PBXBuildFile; fileRef = 98D03CD6E539275C438105C9 /* AppDelegate.m */; };
		981754BCD4357E91245F1A58 /* main.m in Sources */ = {isa = PBXBuildFile; fileRef = 365CE78BE69F46B6AF137B44 /* main.m */; };
		9E3C3E1170D123BB3AF124F5 /* LaunchScreen.xib in Resources */ = {isa = PBXBuildFile; fileRef = E09AD9754321DB572EBC573C /* LaunchScreen.xib */; };
		F72032F55D97B4CBCE1A83A9 /* wowgen61Tests.m in Sources */ = {isa = PBXBuildFile; fileRef = AD954D727C715C79EFFD4AC7 /* wowgen61Tests.m */; };
		FEDE8CE3FEFDAAD90B0E9D47 /* main.m in Sources */ = {isa = PBXBuildFile; fileRef = 365CE78BE69F46B6AF137B44 /* main.m */; };
/* End PBXBuildFile section */

/* Begin PBXFileReference section */
		10234F1D32F9E3D4E0426950 /* wowgen61Tests.xctest */ = {isa = PBXFileReference; includeInIndex = 0; lastKnownFileType = wrapper.cfbundle; path = wowgen61Tests.xctest; sourceTree = BUILT_PRODUCTS_DIR; };
		1E80D0DB9019EB84725AAE5B /* wowgen61-tvOSTests.xctest */ = {isa = PBXFileReference; includeInIndex = 0; lastKnownFileType = wrapper.cfbundle; path = "wowgen61-tvOSTests.xctest"; sourceTree = BUILT_PRODUCTS_DIR; };
		2BC2AC5F9717D2ED9F9FD2BA /* wowgen61-tvOS.app */ = {isa = PBXFileReference; includeInIndex = 0; lastKnownFileType = wrapper.application; path = "wowgen61-tvOS.app"; sourceTree = BUILT_PRODUCTS_DIR; };
		2D9AD3F4DF6EBE163AA3FA4F /* wowgen61.app */ = {isa = PBXFileReference; includeInIndex = 0; lastKnownFileType = wrapper.application; path = wowgen61.app; sourceTree = BUILT_PRODUCTS_DIR; };
		30582AC9635C07299EBEE7C2 /* Pods-wowgen61Tests.debug.xcconfig */ = {isa = PBXFileReference; includeInIndex = 1; lastKnownFileType = text.xcconfig; name = "Pods-wowgen61Tests.debug.xcconfig"; path = "Target Support Files/Pods-wowgen61Tests/Pods-wowgen61Tests.debug.xcconfig"; sourceTree = "<group>"; };
		31119B8BEEAE559ADBBBDE4C /* libPods-wowgen61Tests.a */ = {isa = PBXFileReference; explicitFileType = archive.ar; includeInIndex = 0; path = "libPods-wowgen61Tests.a"; sourceTree = BUILT_PRODUCTS_DIR; };
		365CE78BE69F46B6AF137B44 /* main.m */ = {isa = PBXFileReference; lastKnownFileType = sourcecode.c.objc; path = main.m; sourceTree = "<group>"; };
		37E6E73B0E151298794A4F01 /* Info.plist */ = {isa = PBXFileReference; lastKnownFileType = text.plist; path = Info.plist; sourceTree = "<group>"; };
		796D82937C48700F7429481C /* Base */ = {isa = PBXFileReference; lastKnownFileType = file.xib; name = Base; path = Base.lproj/LaunchScreen.xib; sourceTree = "<group>"; };
		7C4BDB5B2AF64395B961B875 /* Info.plist */ = {isa = PBXFileReference; lastKnownFileType = text.plist; path = Info.plist; sourceTree = "<group>"; };
		84F6226810E4F885524D4704 /* Pods-wowgen61-tvOSTests.release.xcconfig */ = {isa = PBXFileReference; includeInIndex = 1; lastKnownFileType = text.xcconfig; name = "Pods-wowgen61-tvOSTests.release.xcconfig"; path = "Target Support Files/Pods-wowgen61-tvOSTests/Pods-wowgen61-tvOSTests.release.xcconfig"; sourceTree = "<group>"; };
		8CF9AF0E5E64C008C1915DE3 /* Pods-wowgen61-tvOS.debug.xcconfig */ = {isa = PBXFileReference; includeInIndex = 1; lastKnownFileType = text.xcconfig; name = "Pods-wowgen61-tvOS.debug.xcconfig"; path = "Target Support Files/Pods-wowgen61-tvOS/Pods-wowgen61-tvOS.debug.xcconfig"; sourceTree = "<group>"; };
		9325043E38D2B22707D83E24 /* Pods-wowgen61-tvOS.release.xcconfig */ = {isa = PBXFileReference; includeInIndex = 1; lastKnownFileType = text.xcconfig; name = "Pods-wowgen61-tvOS.release.xcconfig"; path = "Target Support Files/Pods-wowgen61-tvOS/Pods-wowgen61-tvOS.release.xcconfig"; sourceTree = "<group>"; };
		95EA89A95C4F0E251BFAD071 /* Info.plist */ = {isa = PBXFileReference; lastKnownFileType = text.plist; path = Info.plist; sourceTree = "<group>"; };
		98D03CD6E539275C438105C9 /* AppDelegate.m */ = {isa = PBXFileReference; lastKnownFileType = sourcecode.c.objc; path = AppDelegate.m; sourceTree = "<group>"; };
		9E5DCED35A933942ABD20743 /* AppDelegate.h */ = {isa = PBXFileReference; lastKnownFileType = sourcecode.c.h; path = AppDelegate.h; sourceTree = "<group>"; };
		AB4CE62E88B26EED6400C55B /* libPods-wowgen61.a */ = {isa = PBXFileReference; explicitFileType = archive.ar; includeInIndex = 0; path = "libPods-wowgen61.a"; sourceTree = BUILT_PRODUCTS_DIR; };
		AD954D727C715C79EFFD4AC7 /* wowgen61Tests.m */ = {isa = PBXFileReference; lastKnownFileType = sourcecode.c.objc; path = wowgen61Tests.m; sourceTree = "<group>"; };
		AE69DE3F14792EF7D5E86503 /* libPods-wowgen61-tvOS.a */ = {isa = PBXFileReference; explicitFileType = archive.ar; includeInIndex = 0; path = "libPods-wowgen61-tvOS.a"; sourceTree = BUILT_PRODUCTS_DIR; };
		AEA4A212CFC255A39A9CD3E2 /* Pods-wowgen61-tvOSTests.debug.xcconfig */ = {isa = PBXFileReference; includeInIndex = 1; lastKnownFileType = text.xcconfig; name = "Pods-wowgen61-tvOSTests.debug.xcconfig"; path = "Target Support Files/Pods-wowgen61-tvOSTests/Pods-wowgen61-tvOSTests.debug.xcconfig"; sourceTree = "<group>"; };
		C4EFBE2D5F63D607BE3BCB97 /* Pods-wowgen61.release.xcconfig */ = {isa = PBXFileReference; includeInIndex = 1; lastKnownFileType = text.xcconfig; name = "Pods-wowgen61.release.xcconfig"; path = "Target Support Files/Pods-wowgen61/Pods-wowgen61.release.xcconfig"; sourceTree = "<group>"; };
		CFED82D84759249D34B5F2A0 /* Pods-wowgen61Tests.release.xcconfig */ = {isa = PBXFileReference; includeInIndex = 1; lastKnownFileType = text.xcconfig; name = "Pods-wowgen61Tests.release.xcconfig"; path = "Target Support Files/Pods-wowgen61Tests/Pods-wowgen61Tests.release.xcconfig"; sourceTree = "<group>"; };
		DB03B93EDBF53559BCFC6447 /* Pods-wowgen61.debug.xcconfig */ = {isa = PBXFileReference; includeInIndex = 1; lastKnownFileType = text.xcconfig; name = "Pods-wowgen61.debug.xcconfig"; path = "Target Support Files/Pods-wowgen61/Pods-wowgen61.debug.xcconfig"; sourceTree = "<group>"; };
		E1AF1A3DB4CF9C0EF2602C50 /* libPods-wowgen61-tvOSTests.a */ = {isa = PBXFileReference; explicitFileType = archive.ar; includeInIndex = 0; path = "libPods-wowgen61-tvOSTests.a"; sourceTree = BUILT_PRODUCTS_DIR; };
		E8807A37FAC46AEAC51D6CBB /* Images.xcassets */ = {isa = PBXFileReference; lastKnownFileType = folder.assetcatalog; path = Images.xcassets; sourceTree = "<group>"; };
/* End PBXFileReference section */

/* Begin PBXFrameworksBuildPhase section */
		186E87205D4E9195209AD890 /* Frameworks */ = {
			isa = PBXFrameworksBuildPhase;
			buildActionMask = 2147483647;
			files = (
				30AF45119BA4E75FFC7947FE /* libPods-wowgen61-tvOS.a in Frameworks */,
			);
			runOnlyForDeploymentPostprocessing = 0;
		};
		60A6119543E41B40D32CE376 /* Frameworks */ = {
			isa = PBXFrameworksBuildPhase;
			buildActionMask = 2147483647;
			files = (
				6A936898F73431B38619A41E /* libPods-wowgen61-tvOSTests.a in Frameworks */,
			);
			runOnlyForDeploymentPostprocessing = 0;
		};
		C95038B27AF92E5E6A45AA17 /* Frameworks */ = {
			isa = PBXFrameworksBuildPhase;
			buildActionMask = 2147483647;
			files = (
				103A9379E768BF1DE73876DB /* libPods-wowgen61.a in Frameworks */,
			);
			runOnlyForDeploymentPostprocessing = 0;
		};
		E6A9D7474E57FC7BE5CDC4DF /* Frameworks */ = {
			isa = PBXFrameworksBuildPhase;
			buildActionMask = 2147483647;
			files = (
				782BBA74F053CB4E6819A555 /* libPods-wowgen61Tests.a in Frameworks */,
			);
			runOnlyForDeploymentPostprocessing = 0;
		};
/* End PBXFrameworksBuildPhase section */

/* Begin PBXGroup section */
		0AABA1C247BBDC8FA9CC6AD9 /* wowgen61 */ = {
			isa = PBXGroup;
			children = (
				9E5DCED35A933942ABD20743 /* AppDelegate.h */,
				98D03CD6E539275C438105C9 /* AppDelegate.m */,
				E8807A37FAC46AEAC51D6CBB /* Images.xcassets */,
				7C4BDB5B2AF64395B961B875 /* Info.plist */,
				E09AD9754321DB572EBC573C /* LaunchScreen.xib */,
				365CE78BE69F46B6AF137B44 /* main.m */,
			);
			path = wowgen61;
			sourceTree = "<group>";
		};
		1ECDC1D823DB0B8C15C37882 /* Pods */ = {
			isa = PBXGroup;
			children = (
				DB03B93EDBF53559BCFC6447 /* Pods-wowgen61.debug.xcconfig */,
				C4EFBE2D5F63D607BE3BCB97 /* Pods-wowgen61.release.xcconfig */,
				8CF9AF0E5E64C008C1915DE3 /* Pods-wowgen61-tvOS.debug.xcconfig */,
				9325043E38D2B22707D83E24 /* Pods-wowgen61-tvOS.release.xcconfig */,
				AEA4A212CFC255A39A9CD3E2 /* Pods-wowgen61-tvOSTests.debug.xcconfig */,
				84F6226810E4F885524D4704 /* Pods-wowgen61-tvOSTests.release.xcconfig */,
				30582AC9635C07299EBEE7C2 /* Pods-wowgen61Tests.debug.xcconfig */,
				CFED82D84759249D34B5F2A0 /* Pods-wowgen61Tests.release.xcconfig */,
			);
			name = Pods;
			path = Pods;
			sourceTree = "<group>";
		};
		36F5C120BA461A92ABDE732F /* wowgen61Tests */ = {
			isa = PBXGroup;
			children = (
				37E6E73B0E151298794A4F01 /* Info.plist */,
				AD954D727C715C79EFFD4AC7 /* wowgen61Tests.m */,
			);
			path = wowgen61Tests;
			sourceTree = "<group>";
		};
		43528D067D4E7ADB4A1FD95D /* wowgen61-tvOS */ = {
			isa = PBXGroup;
			children = (
				95EA89A95C4F0E251BFAD071 /* Info.plist */,
			);
			path = "wowgen61-tvOS";
			sourceTree = "<group>";
		};
		5087260E50D566480F9C8F67 = {
			isa = PBXGroup;
			children = (
				0AABA1C247BBDC8FA9CC6AD9 /* wowgen61 */,
				43528D067D4E7ADB4A1FD95D /* wowgen61-tvOS */,
				36F5C120BA461A92ABDE732F /* wowgen61Tests */,
				B163E2944E8D783266A46CE9 /* Products */,
				1ECDC1D823DB0B8C15C37882 /* Pods */,
				5ADEF3AD602A235CD9C3A3BC /* Frameworks */,
			);
			indentWidth = 2;
			sourceTree = "<group>";
			usesTabs = 0;
		};
		5ADEF3AD602A235CD9C3A3BC /* Frameworks */ = {
			isa = PBXGroup;
			children = (
				AB4CE62E88B26EED6400C55B /* libPods-wowgen61.a */,
				AE69DE3F14792EF7D5E86503 /* libPods-wowgen61-tvOS.a */,
				E1AF1A3DB4CF9C0EF2602C50 /* libPods-wowgen61-tvOSTests.a */,
				31119B8BEEAE559ADBBBDE4C /* libPods-wowgen61Tests.a */,
			);
			name = Frameworks;
			sourceTree = "<group>";
		};
		B163E2944E8D783266A46CE9 /* Products */ = {
			isa = PBXGroup;
			children = (
				2BC2AC5F9717D2ED9F9FD2BA /* wowgen61-tvOS.app */,
				1E80D0DB9019EB84725AAE5B /* wowgen61-tvOSTests.xctest */,
				2D9AD3F4DF6EBE163AA3FA4F /* wowgen61.app */,
				10234F1D32F9E3D4E0426950 /* wowgen61Tests.xctest */,
			);
			name = Products;
			sourceTree = "<group>";
		};
/* End PBXGroup section */

/* Begin PBXNativeTarget section */
		1AE28D713319E287D754D8A1 /* wowgen61 */ = {
			isa = PBXNativeTarget;
			buildConfigurationList = 661B720C97095D05BAD71E8B /* Build configuration list for PBXNativeTarget "wowgen61" */;
			buildPhases = (
				48CC87492CBD9150A3E68B40 /* [CP] Check Pods Manifest.lock */,
				F5CAFB3A9B166D7AC6D16B36 /* Start Packager */,
				61EF5480002ADB0B2DA13503 /* Sources */,
				04BEAD3700DD842BFE2756B9 /* Resources */,
				902167EC60BD692714960B3E /* Bundle React Native code and images */,
				C95038B27AF92E5E6A45AA17 /* Frameworks */,
			);
			buildRules = (
			);
			dependencies = (
			);
			name = wowgen61;
			productName = wowgen61;
			productReference = 2D9AD3F4DF6EBE163AA3FA4F /* wowgen61.app */;
			productType = "com.apple.product-type.application";
		};
		93326FFB9850EE8669E0222B /* wowgen61Tests */ = {
			isa = PBXNativeTarget;
			buildConfigurationList = F3EC05DE2AFC8A1BBF07B29E /* Build configuration list for PBXNativeTarget "wowgen61Tests" */;
			buildPhases = (
				F9595432AF34F33CFAC40DAF /* [CP] Check Pods Manifest.lock */,
				45B6194AB5A938FEC07EAF03 /* Sources */,
				E6A9D7474E57FC7BE5CDC4DF /* Frameworks */,
			);
			buildRules = (
			);
			dependencies = (
			);
			name = wowgen61Tests;
			productName = wowgen61Tests;
			productReference = 10234F1D32F9E3D4E0426950 /* wowgen61Tests.xctest */;
			productType = "com.apple.product-type.bundle.unit-test";
		};
		B76161599A14D9F34416F8C1 /* wowgen61-tvOS */ = {
			isa = PBXNativeTarget;
			buildConfigurationList = 384E05EE97A27C34425C4045 /* Build configuration list for PBXNativeTarget "wowgen61-tvOS" */;
			buildPhases = (
				AD654FE5873458166829FC60 /* [CP] Check Pods Manifest.lock */,
				661140D9823BCA5FEB6D36FA /* Start Packager */,
				023203957CBF0E16F1972115 /* Sources */,
				860803CA6BEBB835F443C859 /* Resources */,
				FAC2B890E88D33A8C9B93FB6 /* Bundle React Native code and images */,
				186E87205D4E9195209AD890 /* Frameworks */,
			);
			buildRules = (
			);
			dependencies = (
			);
			name = "wowgen61-tvOS";
			productName = "wowgen61-tvOS";
			productReference = 2BC2AC5F9717D2ED9F9FD2BA /* wowgen61-tvOS.app */;
			productType = "com.apple.product-type.application";
		};
		B90C508B2FB2579930BF074A /* wowgen61-tvOSTests */ = {
			isa = PBXNativeTarget;
			buildConfigurationList = 1B4052CACB4D9C814038A38F /* Build configuration list for PBXNativeTarget "wowgen61-tvOSTests" */;
			buildPhases = (
				DB42E7CA4135316D5089AD6B /* [CP] Check Pods Manifest.lock */,
				D3896140831E1372FDE9F0D9 /* Sources */,
				60A6119543E41B40D32CE376 /* Frameworks */,
			);
			buildRules = (
			);
			dependencies = (
			);
			name = "wowgen61-tvOSTests";
			productName = "wowgen61-tvOSTests";
			productReference = 1E80D0DB9019EB84725AAE5B /* wowgen61-tvOSTests.xctest */;
			productType = "com.apple.product-type.bundle.unit-test";
		};
/* End PBXNativeTarget section */

/* Begin PBXProject section */
		FFF751195693F445A35A48ED /* Project object */ = {
			isa = PBXProject;
			attributes = {
				LastUpgradeCheck = 1020;
				TargetAttributes = {
				};
			};
			buildConfigurationList = E20E9CCDFC5F71773C794FFE /* Build configuration list for PBXProject "wowgen61" */;
			compatibilityVersion = "Xcode 10.0";
			developmentRegion = en;
			hasScannedForEncodings = 0;
			knownRegions = (
				Base,
			);
			mainGroup = 5087260E50D566480F9C8F67;
			productRefGroup = B163E2944E8D783266A46CE9 /* Products */;
			projectDirPath = "";
			projectRoot = "";
			targets = (
				1AE28D713319E287D754D8A1 /* wowgen61 */,
				B76161599A14D9F34416F8C1 /* wowgen61-tvOS */,
				B90C508B2FB2579930BF074A /* wowgen61-tvOSTests */,
				93326FFB9850EE8669E0222B /* wowgen61Tests */,
			);
		};
/* End PBXProject section */

/* Begin PBXResourcesBuildPhase section */
		04BEAD3700DD842BFE2756B9 /* Resources */ = {
			isa = PBXResourcesBuildPhase;
			buildActionMask = 2147483647;
			files = (
				65A73C538C8241C64E8A86EA /* Images.xcassets in Resources */,
				134E4DD8267F2C97723448EF /* LaunchScreen.xib in Resources */,
			);
			runOnlyForDeploymentPostprocessing = 0;
		};
		860803CA6BEBB835F443C859 /* Resources */ = {
			isa = PBXResourcesBuildPhase;
			buildActionMask = 2147483647;
			files = (
				2C1A8C30D61862BFAA9392F2 /* Images.xcassets in Resources */,
				9E3C3E1170D123BB3AF124F5 /* LaunchScreen.xib in Resources */,
			);
			runOnlyForDeploymentPostprocessing = 0;
		};
/* End PBXResourcesBuildPhase section */

/* Begin PBXShellScriptBuildPhase section */
		48CC87492CBD9150A3E68B40 /* [CP] Check Pods Manifest.lock */ = {
			isa = PBXShellScriptBuildPhase;
			buildActionMask = 2147483647;
			files = (
			);
			inputFileListPaths = (
			);
			inputPaths = (
				"${PODS_PODFILE_DIR_PATH}/Podfile.lock",
				"${PODS_ROOT}/Manifest.lock",
			);
			name = "[CP] Check Pods Manifest.lock";
			outputFileListPaths = (
			);
			outputPaths = (
				"$(DERIVED_FILE_DIR)/Pods-wowgen61-checkManifestLockResult.txt",
			);
			runOnlyForDeploymentPostprocessing = 0;
			shellPath = /bin/sh;
			shellScript = "diff \"${PODS_PODFILE_DIR_PATH}/Podfile.lock\" \"${PODS_ROOT}/Manifest.lock\" > /dev/null\nif [ $? != 0 ] ; then\n    # print error to STDERR\n    echo \"error: The sandbox is not in sync with the Podfile.lock. Run 'pod install' or update your CocoaPods installation.\" >&2\n    exit 1\nfi\n# This output is used by Xcode 'outputs' to avoid re-running this script phase.\necho \"SUCCESS\" > \"${SCRIPT_OUTPUT_FILE_0}\"\n";
			showEnvVarsInLog = 0;
		};
		661140D9823BCA5FEB6D36FA /* Start Packager */ = {
			isa = PBXShellScriptBuildPhase;
			buildActionMask = 2147483647;
			files = (
			);
			inputFileListPaths = (
			);
			inputPaths = (
			);
			name = "Start Packager";
			outputFileListPaths = (
			);
			outputPaths = (
			);
			runOnlyForDeploymentPostprocessing = 0;
			shellPath = /bin/sh;
			shellScript = "export RCT_METRO_PORT=\"${RCT_METRO_PORT:=8081}\"\necho \"export RCT_METRO_PORT=${RCT_METRO_PORT}\" > \"${SRCROOT}/../node_modules/react-native/scripts/.packager.env\"\nif [ -z \"${RCT_NO_LAUNCH_PACKAGER+xxx}\" ] ; then\n  if nc -w 5 -z localhost ${RCT_METRO_PORT} ; then\n    if ! curl -s \"http://localhost:${RCT_METRO_PORT}/status\" | grep -q \"packager-status:running\" ; then\n      echo \"Port ${RCT_METRO_PORT} already in use, packager is either not running or not running correctly\"\n      exit 2\n    fi\n  else\n    open \"$SRCROOT/../node_modules/react-native/scripts/launchPackager.command\" || echo \"Can't start packager automatically\"\n  fi\nfi\n";
			showEnvVarsInLog = 0;
		};
		902167EC60BD692714960B3E /* Bundle React Native code and images */ = {
			isa = PBXShellScriptBuildPhase;
			buildActionMask = 2147483647;
			files = (
			);
			inputFileListPaths = (
			);
			inputPaths = (
			);
			name = "Bundle React Native code and images";
			outputFileListPaths = (
			);
			outputPaths = (
			);
			runOnlyForDeploymentPostprocessing = 0;
			shellPath = /bin/sh;
			shellScript = "export NODE_BINARY=node\n../node_modules/react-native/scripts/react-native-xcode.sh\n";
		};
		AD654FE5873458166829FC60 /* [CP] Check Pods Manifest.lock */ = {
			isa = PBXShellScriptBuildPhase;
			buildActionMask = 2147483647;
			files = (
			);
			inputFileListPaths = (
			);
			inputPaths = (
				"${PODS_PODFILE_DIR_PATH}/Podfile.lock",
				"${PODS_ROOT}/Manifest.lock",
			);
			name = "[CP] Check Pods Manifest.lock";
			outputFileListPaths = (
			);
			outputPaths = (
				"$(DERIVED_FILE_DIR)/Pods-wowgen61-tvOS-checkManifestLockResult.txt",
			);
			runOnlyForDeploymentPostprocessing = 0;
			shellPath = /bin/sh;
			shellScript = "diff \"${PODS_PODFILE_DIR_PATH}/Podfile.lock\" \"${PODS_ROOT}/Manifest.lock\" > /dev/null\nif [ $? != 0 ] ; then\n    # print error to STDERR\n    echo \"error: The sandbox is not in sync with the Podfile.lock. Run 'pod install' or update your CocoaPods installation.\" >&2\n    exit 1\nfi\n# This output is used by Xcode 'outputs' to avoid re-running this script phase.\necho \"SUCCESS\" > \"${SCRIPT_OUTPUT_FILE_0}\"\n";
			showEnvVarsInLog = 0;
		};
		DB42E7CA4135316D5089AD6B /* [CP] Check Pods Manifest.lock */ = {
			isa = PBXShellScriptBuildPhase;
			buildActionMask = 2147483647;
			files = (
			);
			inputFileListPaths = (
			);
			inputPaths = (
				"${PODS_PODFILE_DIR_PATH}/Podfile.lock",
				"${PODS_ROOT}/Manifest.lock",
			);
			name = "[CP] Check Pods Manifest.lock";
			outputFileListPaths = (
			);
			outputPaths = (
				"$(DERIVED_FILE_DIR)/Pods-wowgen61-tvOSTests-checkManifestLockResult.txt",
			);
			runOnlyForDeploymentPostprocessing = 0;
			shellPath = /bin/sh;
			shellScript = "diff \"${PODS_PODFILE_DIR_PATH}/Podfile.lock\" \"${PODS_ROOT}/Manifest.lock\" > /dev/null\nif [ $? != 0 ] ; then\n    # print error to STDERR\n    echo \"error: The sandbox is not in sync with the Podfile.lock. Run 'pod install' or update your CocoaPods installation.\" >&2\n    exit 1\nfi\n# This output is used by Xcode 'outputs' to avoid re-running this script phase.\necho \"SUCCESS\" > \"${SCRIPT_OUTPUT_FILE_0}\"\n";
			showEnvVarsInLog = 0;
		};
		F5CAFB3A9B166D7AC6D16B36 /* Start Packager */ = {
			isa = PBXShellScriptBuildPhase;
			buildActionMask = 2147483647;
			files = (
			);
			inputFileListPaths = (
			);
			inputPaths = (
			);
			name = "Start Packager";
			outputFileListPaths = (
			);
			outputPaths = (
			);
			runOnlyForDeploymentPostprocessing = 0;
			shellPath = /bin/sh;
			shellScript = "export RCT_METRO_PORT=\"${RCT_METRO_PORT:=8081}\"\necho \"export RCT_METRO_PORT=${RCT_METRO_PORT}\" > \"${SRCROOT}/../node_modules/react-native/scripts/.packager.env\"\nif [ -z \"${RCT_NO_LAUNCH_PACKAGER+xxx}\" ] ; then\n  if nc -w 5 -z localhost ${RCT_METRO_PORT} ; then\n    if ! curl -s \"http://localhost:${RCT_METRO_PORT}/status\" | grep -q \"packager-status:running\" ; then\n      echo \"Port ${RCT_METRO_PORT} already in use, packager is either not running or not running correctly\"\n      exit 2\n    fi\n  else\n    open \"$SRCROOT/../node_modules/react-native/scripts/launchPackager.command\" || echo \"Can't start packager automatically\"\n  fi\nfi\n";
			showEnvVarsInLog = 0;
		};
		F9595432AF34F33CFAC40DAF /* [CP] Check Pods Manifest.lock */ = {
			isa = PBXShellScriptBuildPhase;
			buildActionMask = 2147483647;
			files = (
			);
			inputFileListPaths = (
			);
			inputPaths = (
				"${PODS_PODFILE_DIR_PATH}/Podfile.lock",
				"${PODS_ROOT}/Manifest.lock",
			);
			name = "[CP] Check Pods Manifest.lock";
			outputFileListPaths = (
			);
			outputPaths = (
				"$(DERIVED_FILE_DIR)/Pods-wowgen61Tests-checkManifestLockResult.txt",
			);
			runOnlyForDeploymentPostprocessing = 0;
			shellPath = /bin/sh;
			shellScript = "diff \"${PODS_PODFILE_DIR_PATH}/Podfile.lock\" \"${PODS_ROOT}/Manifest.lock\" > /dev/null\nif [ $? != 0 ] ; then\n    # print error to STDERR\n    echo \"error: The sandbox is not in sync with the Podfile.lock. Run 'pod install' or update your CocoaPods installation.\" >&2\n    exit 1\nfi\n# This output is used by Xcode 'outputs' to avoid re-running this script phase.\necho \"SUCCESS\" > \"${SCRIPT_OUTPUT_FILE_0}\"\n";
			showEnvVarsInLog = 0;
		};
		FAC2B890E88D33A8C9B93FB6 /* Bundle React Native code and images */ = {
			isa = PBXShellScriptBuildPhase;
			buildActionMask = 2147483647;
			files = (
			);
			inputFileListPaths = (
			);
			inputPaths = (
			);
			name = "Bundle React Native code and images";
			outputFileListPaths = (
			);
			outputPaths = (
			);
			runOnlyForDeploymentPostprocessing = 0;
			shellPath = /bin/sh;
			shellScript = "export NODE_BINARY=node\n../node_modules/react-native/scripts/react-native-xcode.sh\n";
		};
/* End PBXShellScriptBuildPhase section */

/* Begin PBXSourcesBuildPhase section */
		023203957CBF0E16F1972115 /* Sources */ = {
			isa = PBXSourcesBuildPhase;
			buildActionMask = 2147483647;
			files = (
				888C240140931522CDC970A5 /* AppDelegate.m in Sources */,
				981754BCD4357E91245F1A58 /* main.m in Sources */,
			);
			runOnlyForDeploymentPostprocessing = 0;
		};
		45B6194AB5A938FEC07EAF03 /* Sources */ = {
			isa = PBXSourcesBuildPhase;
			buildActionMask = 2147483647;
			files = (
				F72032F55D97B4CBCE1A83A9 /* wowgen61Tests.m in Sources */,
			);
			runOnlyForDeploymentPostprocessing = 0;
		};
		61EF5480002ADB0B2DA13503 /* Sources */ = {
			isa = PBXSourcesBuildPhase;
			buildActionMask = 2147483647;
			files = (
				726428AF17C658A352A5435F /* AppDelegate.m in Sources */,
				FEDE8CE3FEFDAAD90B0E9D47 /* main.m in Sources */,
			);
			runOnlyForDeploymentPostprocessing = 0;
		};
		D3896140831E1372FDE9F0D9 /* Sources */ = {
			isa = PBXSourcesBuildPhase;
			buildActionMask = 2147483647;
			files = (
				46ACAF45364FBF8B85F69FC8 /* wowgen61Tests.m in Sources */,
			);
			runOnlyForDeploymentPostprocessing = 0;
		};
/* End PBXSourcesBuildPhase section */

/* Begin PBXVariantGroup section */
		E09AD9754321DB572EBC573C /* LaunchScreen.xib */ = {
			isa = PBXVariantGroup;
			children = (
				796D82937C48700F7429481C /* Base */,
			);
			name = LaunchScreen.xib;
			sourceTree = "<group>";
		};
/* End PBXVariantGroup section */

/* Begin XCBuildConfiguration section */
		02569E54B14B48FC18EBD3D8 /* Release */ = {
			isa = XCBuildConfiguration;
			buildSettings = {
				ALWAYS_SEARCH_USER_PATHS = NO;
				CLANG_ANALYZER_NONNULL = YES;
				CLANG_ANALYZER_NUMBER_OBJECT_CONVERSION = YES_AGGRESSIVE;
				CLANG_CXX_LANGUAGE_STANDARD = "gnu++14";
				CLANG_CXX_LIBRARY = "libc++";
				CLANG_ENABLE_MODULES = YES;
				CLANG_ENABLE_OBJC_ARC = YES;
				CLANG_WARN_BLOCK_CAPTURE_AUTORELEASING = YES;
				CLANG_WARN_BOOL_CONVERSION = YES;
				CLANG_WARN_COMMA = YES;
				CLANG_WARN_CONSTANT_CONVERSION = YES;
				CLANG_WARN_DEPRECATED_OBJC_IMPLEMENTATIONS = YES;
				CLANG_WARN_DIRECT_OBJC_ISA_USAGE = YES_ERROR;
				CLANG_WARN_DOCUMENTATION_COMMENTS = YES;
				CLANG_WARN_EMPTY_BODY = YES;
				CLANG_WARN_ENUM_CONVERSION = YES;
				CLANG_WARN_INFINITE_RECURSION = YES;
				CLANG_WARN_INT_CONVERSION = YES;
				CLANG_WARN_NON_LITERAL_NULL_CONVERSION = YES;
				CLANG_WARN_OBJC_IMPLICIT_RETAIN_SELF = YES;
				CLANG_WARN_OBJC_LITERAL_CONVERSION = YES;
				CLANG_WARN_OBJC_ROOT_CLASS = YES_ERROR;
				CLANG_WARN_RANGE_LOOP_ANALYSIS = YES;
				CLANG_WARN_STRICT_PROTOTYPES = YES;
				CLANG_WARN_SUSPICIOUS_MOVE = YES;
				CLANG_WARN_UNGUARDED_AVAILABILITY = YES_AGGRESSIVE;
				CLANG_WARN_UNREACHABLE_CODE = YES;
				CLANG_WARN__DUPLICATE_METHOD_MATCH = YES;
				COPY_PHASE_STRIP = NO;
				DEBUG_INFORMATION_FORMAT = "dwarf-with-dsym";
				ENABLE_NS_ASSERTIONS = NO;
				ENABLE_STRICT_OBJC_MSGSEND = YES;
				GCC_C_LANGUAGE_STANDARD = gnu11;
				GCC_NO_COMMON_BLOCKS = YES;
				GCC_WARN_64_TO_32_BIT_CONVERSION = YES;
				GCC_WARN_ABOUT_RETURN_TYPE = YES_ERROR;
				GCC_WARN_UNDECLARED_SELECTOR = YES;
				GCC_WARN_UNINITIALIZED_AUTOS = YES_AGGRESSIVE;
				GCC_WARN_UNUSED_FUNCTION = YES;
				GCC_WARN_UNUSED_VARIABLE = YES;
				IPHONEOS_DEPLOYMENT_TARGET = 9.0;
				PRODUCT_NAME = "$(TARGET_NAME)";
				SWIFT_COMPILATION_MODE = wholemodule;
				SWIFT_VERSION = 5.0;
				VALIDATE_PRODUCT = YES;
			};
			name = Release;
		};
		19BBD2D52ABA71676CA6BF32 /* Release */ = {
			isa = XCBuildConfiguration;
			baseConfigurationReference = CFED82D84759249D34B5F2A0 /* Pods-wowgen61Tests.release.xcconfig */;
			buildSettings = {
				BUNDLE_LOADER = "$(TEST_HOST)";
				INFOPLIST_FILE = wowgen61Tests/Info.plist;
				LD_RUNPATH_SEARCH_PATHS = (
					"$(inherited)",
					"@executable_path/Frameworks",
					"@loader_path/Frameworks",
				);
				PRODUCT_BUNDLE_IDENTIFIER = org.reactjs.native.example.wowgen61Tests;
				SDKROOT = iphoneos;
				TARGETED_DEVICE_FAMILY = "1,2";
			};
			name = Release;
		};
		220C7C868950919304ED4C1A /* Release */ = {
			isa = XCBuildConfiguration;
			baseConfigurationReference = 84F6226810E4F885524D4704 /* Pods-wowgen61-tvOSTests.release.xcconfig */;
			buildSettings = {
				BUNDLE_LOADER = "$(TEST_HOST)";
				INFOPLIST_FILE = wowgen61Tests/Info.plist;
				LD_RUNPATH_SEARCH_PATHS = (
					"$(inherited)",
					"@executable_path/Frameworks",
					"@loader_path/Frameworks",
				);
				PRODUCT_BUNDLE_IDENTIFIER = "org.reactjs.native.example.wowgen61-tvOSTests";
				SDKROOT = appletvos;
				TARGETED_DEVICE_FAMILY = 3;
			};
			name = Release;
		};
		3579C787E892F6B3467FF249 /* Debug */ = {
			isa = XCBuildConfiguration;
			baseConfigurationReference = 8CF9AF0E5E64C008C1915DE3 /* Pods-wowgen61-tvOS.debug.xcconfig */;
			buildSettings = {
				ASSETCATALOG_COMPILER_APPICON_NAME = "App Icon & Top Shelf Image";
				ASSETCATALOG_COMPILER_LAUNCHIMAGE_NAME = LaunchImage;
				INFOPLIST_FILE = wowgen61/Info.plist;
				LD_RUNPATH_SEARCH_PATHS = (
					"$(inherited)",
					"@executable_path/Frameworks",
				);
				PRODUCT_BUNDLE_IDENTIFIER = "org.reactjs.native.example.wowgen61-tvOS";
				SDKROOT = appletvos;
				TARGETED_DEVICE_FAMILY = 3;
			};
			name = Debug;
		};
		53179F4CDA49BC0D932D5036 /* Debug */ = {
			isa = XCBuildConfiguration;
			baseConfigurationReference = 30582AC9635C07299EBEE7C2 /* Pods-wowgen61Tests.debug.xcconfig */;
			buildSettings = {
				BUNDLE_LOADER = "$(TEST_HOST)";
				INFOPLIST_FILE = wowgen61Tests/Info.plist;
				LD_RUNPATH_SEARCH_PATHS = (
					"$(inherited)",
					"@executable_path/Frameworks",
					"@loader_path/Frameworks",
				);
				PRODUCT_BUNDLE_IDENTIFIER = org.reactjs.native.example.wowgen61Tests;
				SDKROOT = iphoneos;
				TARGETED_DEVICE_FAMILY = "1,2";
			};
			name = Debug;
		};
		60EB45D21997033338FA9731 /* Debug */ = {
			isa = XCBuildConfiguration;
			buildSettings = {
				ALWAYS_SEARCH_USER_PATHS = NO;
				CLANG_ANALYZER_NONNULL = YES;
				CLANG_ANALYZER_NUMBER_OBJECT_CONVERSION = YES_AGGRESSIVE;
				CLANG_CXX_LANGUAGE_STANDARD = "gnu++14";
				CLANG_CXX_LIBRARY = "libc++";
				CLANG_ENABLE_MODULES = YES;
				CLANG_ENABLE_OBJC_ARC = YES;
				CLANG_WARN_BLOCK_CAPTURE_AUTORELEASING = YES;
				CLANG_WARN_BOOL_CONVERSION = YES;
				CLANG_WARN_COMMA = YES;
				CLANG_WARN_CONSTANT_CONVERSION = YES;
				CLANG_WARN_DEPRECATED_OBJC_IMPLEMENTATIONS = YES;
				CLANG_WARN_DIRECT_OBJC_ISA_USAGE = YES_ERROR;
				CLANG_WARN_DOCUMENTATION_COMMENTS = YES;
				CLANG_WARN_EMPTY_BODY = YES;
				CLANG_WARN_ENUM_CONVERSION = YES;
				CLANG_WARN_INFINITE_RECURSION = YES;
				CLANG_WARN_INT_CONVERSION = YES;
				CLANG_WARN_NON_LITERAL_NULL_CONVERSION = YES;
				CLANG_WARN_OBJC_IMPLICIT_RETAIN_SELF = YES;
				CLANG_WARN_OBJC_LITERAL_CONVERSION = YES;
				CLANG_WARN_OBJC_ROOT_CLASS = YES_ERROR;
				CLANG_WARN_RANGE_LOOP_ANALYSIS = YES;
				CLANG_WARN_STRICT_PROTOTYPES = YES;
				CLANG_WARN_SUSPICIOUS_MOVE = YES;
				CLANG_WARN_UNGUARDED_AVAILABILITY = YES_AGGRESSIVE;
				CLANG_WARN_UNREACHABLE_CODE = YES;
				CLANG_WARN__DUPLICATE_METHOD_MATCH = YES;
				COPY_PHASE_STRIP = NO;
				DEBUG_INFORMATION_FORMAT = dwarf;
				ENABLE_STRICT_OBJC_MSGSEND = YES;
				ENABLE_TESTABILITY = YES;
				GCC_C_LANGUAGE_STANDARD = gnu11;
				GCC_DYNAMIC_NO_PIC = NO;
				GCC_NO_COMMON_BLOCKS = YES;
				GCC_OPTIMIZATION_LEVEL = 0;
				GCC_PREPROCESSOR_DEFINITIONS = (
					"$(inherited)",
					"DEBUG=1",
				);
				GCC_WARN_64_TO_32_BIT_CONVERSION = YES;
				GCC_WARN_ABOUT_RETURN_TYPE = YES_ERROR;
				GCC_WARN_UNDECLARED_SELECTOR = YES;
				GCC_WARN_UNINITIALIZED_AUTOS = YES_AGGRESSIVE;
				GCC_WARN_UNUSED_FUNCTION = YES;
				GCC_WARN_UNUSED_VARIABLE = YES;
				IPHONEOS_DEPLOYMENT_TARGET = 9.0;
				MTL_ENABLE_DEBUG_INFO = YES;
				ONLY_ACTIVE_ARCH = YES;
				PRODUCT_NAME = "$(TARGET_NAME)";
				SWIFT_ACTIVE_COMPILATION_CONDITIONS = DEBUG;
				SWIFT_OPTIMIZATION_LEVEL = "-Onone";
				SWIFT_VERSION = 5.0;
			};
			name = Debug;
		};
		6D36926935B4FBBC5C1E0080 /* Debug */ = {
			isa = XCBuildConfiguration;
			baseConfigurationReference = AEA4A212CFC255A39A9CD3E2 /* Pods-wowgen61-tvOSTests.debug.xcconfig */;
			buildSettings = {
				BUNDLE_LOADER = "$(TEST_HOST)";
				INFOPLIST_FILE = wowgen61Tests/Info.plist;
				LD_RUNPATH_SEARCH_PATHS = (
					"$(inherited)",
					"@executable_path/Frameworks",
					"@loader_path/Frameworks",
				);
				PRODUCT_BUNDLE_IDENTIFIER = "org.reactjs.native.example.wowgen61-tvOSTests";
				SDKROOT = appletvos;
				TARGETED_DEVICE_FAMILY = 3;
			};
			name = Debug;
		};
		883E466C8C1973F8D43C0A16 /* Release */ = {
			isa = XCBuildConfiguration;
			baseConfigurationReference = C4EFBE2D5F63D607BE3BCB97 /* Pods-wowgen61.release.xcconfig */;
			buildSettings = {
				ASSETCATALOG_COMPILER_APPICON_NAME = AppIcon;
				CODE_SIGN_IDENTITY = "iPhone Developer";
				INFOPLIST_FILE = wowgen61/Info.plist;
				LD_RUNPATH_SEARCH_PATHS = (
					"$(inherited)",
					"@executable_path/Frameworks",
				);
				PRODUCT_BUNDLE_IDENTIFIER = org.reactjs.native.example.wowgen61;
				SDKROOT = iphoneos;
				TARGETED_DEVICE_FAMILY = "1,2";
			};
			name = Release;
		};
		90B07A9B4C5819B2088A2007 /* Release */ = {
			isa = XCBuildConfiguration;
			baseConfigurationReference = 9325043E38D2B22707D83E24 /* Pods-wowgen61-tvOS.release.xcconfig */;
			buildSettings = {
				ASSETCATALOG_COMPILER_APPICON_NAME = "App Icon & Top Shelf Image";
				ASSETCATALOG_COMPILER_LAUNCHIMAGE_NAME = LaunchImage;
				INFOPLIST_FILE = wowgen61/Info.plist;
				LD_RUNPATH_SEARCH_PATHS = (
					"$(inherited)",
					"@executable_path/Frameworks",
				);
				PRODUCT_BUNDLE_IDENTIFIER = "org.reactjs.native.example.wowgen61-tvOS";
				SDKROOT = appletvos;
				TARGETED_DEVICE_FAMILY = 3;
			};
			name = Release;
		};
		997EAEA811D04EB4856C77EF /* Debug */ = {
			isa = XCBuildConfiguration;
			baseConfigurationReference = DB03B93EDBF53559BCFC6447 /* Pods-wowgen61.debug.xcconfig */;
			buildSettings = {
				ASSETCATALOG_COMPILER_APPICON_NAME = AppIcon;
				CODE_SIGN_IDENTITY = "iPhone Developer";
				INFOPLIST_FILE = wowgen61/Info.plist;
				LD_RUNPATH_SEARCH_PATHS = (
					"$(inherited)",
					"@executable_path/Frameworks",
				);
				PRODUCT_BUNDLE_IDENTIFIER = org.reactjs.native.example.wowgen61;
				SDKROOT = iphoneos;
				TARGETED_DEVICE_FAMILY = "1,2";
			};
			name = Debug;
		};
/* End XCBuildConfiguration section */

/* Begin XCConfigurationList section */
		1B4052CACB4D9C814038A38F /* Build configuration list for PBXNativeTarget "wowgen61-tvOSTests" */ = {
			isa = XCConfigurationList;
			buildConfigurations = (
				6D36926935B4FBBC5C1E0080 /* Debug */,
				220C7C868950919304ED4C1A /* Release */,
			);
			defaultConfigurationIsVisible = 0;
			defaultConfigurationName = "";
		};
		384E05EE97A27C34425C4045 /* Build configuration list for PBXNativeTarget "wowgen61-tvOS" */ = {
			isa = XCConfigurationList;
			buildConfigurations = (
				3579C787E892F6B3467FF249 /* Debug */,
				90B07A9B4C5819B2088A2007 /* Release */,
			);
			defaultConfigurationIsVisible = 0;
			defaultConfigurationName = "";
		};
		661B720C97095D05BAD71E8B /* Build configuration list for PBXNativeTarget "wowgen61" */ = {
			isa = XCConfigurationList;
			buildConfigurations = (
				997EAEA811D04EB4856C77EF /* Debug */,
				883E466C8C1973F8D43C0A16 /* Release */,
			);
			defaultConfigurationIsVisible = 0;
			defaultConfigurationName = "";
		};
		E20E9CCDFC5F71773C794FFE /* Build configuration list for PBXProject "wowgen61" */ = {
			isa = XCConfigurationList;
			buildConfigurations = (
				60EB45D21997033338FA9731 /* Debug */,
				02569E54B14B48FC18EBD3D8 /* Release */,
			);
			defaultConfigurationIsVisible = 0;
			defaultConfigurationName = Debug;
		};
		F3EC05DE2AFC8A1BBF07B29E /* Build configuration list for PBXNativeTarget "wowgen61Tests" */ = {
			isa = XCConfigurationList;
			buildConfigurations = (
				53179F4CDA49BC0D932D5036 /* Debug */,
				19BBD2D52ABA71676CA6BF32 /* Release */,
			);
			defaultConfigurationIsVisible = 0;
			defaultConfigurationName = "";
		};
/* End XCConfigurationList section */
	};
	rootObject = FFF751195693F445A35A48ED /* Project object */;
}
